
Microsoft Visual Studio Solution File, Format Version 12.00
# Visual Studio 14
VisualStudioVersion = 14.0.23107.0
MinimumVisualStudioVersion = 10.0.40219.1
Project("{F2A71F9B-5D33-465A-A702-920D77279786}") = "FSharpAkka", "FSharpAkka\FSharpAkka.fsproj", "{88CB4C5B-EB54-4D40-9086-CEC6D1F13E7C}"
EndProject
Project("{2150E333-8FDC-42A3-9474-1A3956D46DE8}") = "RemoteSharedAssembly", "RemoteSharedAssembly", "{B35B1A53-2B52-4239-B9AF-383DB0EA2834}"
EndProject
Project("{F2A71F9B-5D33-465A-A702-920D77279786}") = "Common", "Remote1\Common\Common.fsproj", "{425ABC2B-22DC-4732-A0B5-EBED76FB2D09}"
EndProject
Project("{F2A71F9B-5D33-465A-A702-920D77279786}") = "System1", "Remote1\System1\System1.fsproj", "{68E7C48A-4754-462F-B932-25BF4F61A83E}"
EndProject
Project("{F2A71F9B-5D33-465A-A702-920D77279786}") = "System2", "Remote1\System2\System2.fsproj", "{4FB42DC3-2D22-4D76-B090-2ADD99F39EE6}"
EndProject
Project("{F2A71F9B-5D33-465A-A702-920D77279786}") = "Launcher", "Remote1\Script\Launcher.fsproj", "{385DBBB4-172A-46CC-A944-EFB0AC34D991}"
EndProject
Project("{2150E333-8FDC-42A3-9474-1A3956D46DE8}") = "RemoteWithQuotations", "RemoteWithQuotations", "{CDBED8AE-13AB-4321-BF2F-1B4DC7E82908}"
EndProject
Project("{F2A71F9B-5D33-465A-A702-920D77279786}") = "Launcher", "Remote2\Script\Launcher.fsproj", "{2E795EDA-9C67-4B3D-86C5-41D02E462CCF}"
EndProject
Project("{F2A71F9B-5D33-465A-A702-920D77279786}") = "System1", "Remote2\System1\System1.fsproj", "{B3EF02B4-CE88-4AD7-BF9B-CD0B063200C8}"
EndProject
Project("{F2A71F9B-5D33-465A-A702-920D77279786}") = "System2", "Remote2\System2\System2.fsproj", "{7D8BA95F-4EC0-436E-BC92-BA9CE90F6E5B}"
EndProject
Project("{F2A71F9B-5D33-465A-A702-920D77279786}") = "Common", "Remote2\Common\Common.fsproj", "{E891CB43-A26C-4BDB-9905-0794AF3CADB8}"
EndProject
Global
	GlobalSection(SolutionConfigurationPlatforms) = preSolution
		Debug|Any CPU = Debug|Any CPU
		Release|Any CPU = Release|Any CPU
	EndGlobalSection
	GlobalSection(ProjectConfigurationPlatforms) = postSolution
		{88CB4C5B-EB54-4D40-9086-CEC6D1F13E7C}.Debug|Any CPU.ActiveCfg = Debug|Any CPU
		{88CB4C5B-EB54-4D40-9086-CEC6D1F13E7C}.Debug|Any CPU.Build.0 = Debug|Any CPU
		{88CB4C5B-EB54-4D40-9086-CEC6D1F13E7C}.Release|Any CPU.ActiveCfg = Release|Any CPU
		{88CB4C5B-EB54-4D40-9086-CEC6D1F13E7C}.Release|Any CPU.Build.0 = Release|Any CPU
		{425ABC2B-22DC-4732-A0B5-EBED76FB2D09}.Debug|Any CPU.ActiveCfg = Debug|Any CPU
		{425ABC2B-22DC-4732-A0B5-EBED76FB2D09}.Debug|Any CPU.Build.0 = Debug|Any CPU
		{425ABC2B-22DC-4732-A0B5-EBED76FB2D09}.Release|Any CPU.ActiveCfg = Release|Any CPU
		{425ABC2B-22DC-4732-A0B5-EBED76FB2D09}.Release|Any CPU.Build.0 = Release|Any CPU
		{68E7C48A-4754-462F-B932-25BF4F61A83E}.Debug|Any CPU.ActiveCfg = Debug|Any CPU
		{68E7C48A-4754-462F-B932-25BF4F61A83E}.Debug|Any CPU.Build.0 = Debug|Any CPU
		{68E7C48A-4754-462F-B932-25BF4F61A83E}.Release|Any CPU.ActiveCfg = Release|Any CPU
		{68E7C48A-4754-462F-B932-25BF4F61A83E}.Release|Any CPU.Build.0 = Release|Any CPU
		{4FB42DC3-2D22-4D76-B090-2ADD99F39EE6}.Debug|Any CPU.ActiveCfg = Debug|Any CPU
		{4FB42DC3-2D22-4D76-B090-2ADD99F39EE6}.Debug|Any CPU.Build.0 = Debug|Any CPU
		{4FB42DC3-2D22-4D76-B090-2ADD99F39EE6}.Release|Any CPU.ActiveCfg = Release|Any CPU
		{4FB42DC3-2D22-4D76-B090-2ADD99F39EE6}.Release|Any CPU.Build.0 = Release|Any CPU
		{385DBBB4-172A-46CC-A944-EFB0AC34D991}.Debug|Any CPU.ActiveCfg = Debug|Any CPU
		{385DBBB4-172A-46CC-A944-EFB0AC34D991}.Debug|Any CPU.Build.0 = Debug|Any CPU
		{385DBBB4-172A-46CC-A944-EFB0AC34D991}.Release|Any CPU.ActiveCfg = Release|Any CPU
		{385DBBB4-172A-46CC-A944-EFB0AC34D991}.Release|Any CPU.Build.0 = Release|Any CPU
		{2E795EDA-9C67-4B3D-86C5-41D02E462CCF}.Debug|Any CPU.ActiveCfg = Debug|Any CPU
		{2E795EDA-9C67-4B3D-86C5-41D02E462CCF}.Debug|Any CPU.Build.0 = Debug|Any CPU
		{2E795EDA-9C67-4B3D-86C5-41D02E462CCF}.Release|Any CPU.ActiveCfg = Release|Any CPU
		{2E795EDA-9C67-4B3D-86C5-41D02E462CCF}.Release|Any CPU.Build.0 = Release|Any CPU
		{B3EF02B4-CE88-4AD7-BF9B-CD0B063200C8}.Debug|Any CPU.ActiveCfg = Debug|Any CPU
		{B3EF02B4-CE88-4AD7-BF9B-CD0B063200C8}.Debug|Any CPU.Build.0 = Debug|Any CPU
		{B3EF02B4-CE88-4AD7-BF9B-CD0B063200C8}.Release|Any CPU.ActiveCfg = Release|Any CPU
		{B3EF02B4-CE88-4AD7-BF9B-CD0B063200C8}.Release|Any CPU.Build.0 = Release|Any CPU
		{7D8BA95F-4EC0-436E-BC92-BA9CE90F6E5B}.Debug|Any CPU.ActiveCfg = Debug|Any CPU
		{7D8BA95F-4EC0-436E-BC92-BA9CE90F6E5B}.Debug|Any CPU.Build.0 = Debug|Any CPU
		{7D8BA95F-4EC0-436E-BC92-BA9CE90F6E5B}.Release|Any CPU.ActiveCfg = Release|Any CPU
		{7D8BA95F-4EC0-436E-BC92-BA9CE90F6E5B}.Release|Any CPU.Build.0 = Release|Any CPU
		{E891CB43-A26C-4BDB-9905-0794AF3CADB8}.Debug|Any CPU.ActiveCfg = Debug|Any CPU
		{E891CB43-A26C-4BDB-9905-0794AF3CADB8}.Debug|Any CPU.Build.0 = Debug|Any CPU
		{E891CB43-A26C-4BDB-9905-0794AF3CADB8}.Release|Any CPU.ActiveCfg = Release|Any CPU
		{E891CB43-A26C-4BDB-9905-0794AF3CADB8}.Release|Any CPU.Build.0 = Release|Any CPU
	EndGlobalSection
	GlobalSection(SolutionProperties) = preSolution
		HideSolutionNode = FALSE
	EndGlobalSection
	GlobalSection(NestedProjects) = preSolution
		{425ABC2B-22DC-4732-A0B5-EBED76FB2D09} = {B35B1A53-2B52-4239-B9AF-383DB0EA2834}
		{68E7C48A-4754-462F-B932-25BF4F61A83E} = {B35B1A53-2B52-4239-B9AF-383DB0EA2834}
		{4FB42DC3-2D22-4D76-B090-2ADD99F39EE6} = {B35B1A53-2B52-4239-B9AF-383DB0EA2834}
		{385DBBB4-172A-46CC-A944-EFB0AC34D991} = {B35B1A53-2B52-4239-B9AF-383DB0EA2834}
		{2E795EDA-9C67-4B3D-86C5-41D02E462CCF} = {CDBED8AE-13AB-4321-BF2F-1B4DC7E82908}
		{B3EF02B4-CE88-4AD7-BF9B-CD0B063200C8} = {CDBED8AE-13AB-4321-BF2F-1B4DC7E82908}
		{7D8BA95F-4EC0-436E-BC92-BA9CE90F6E5B} = {CDBED8AE-13AB-4321-BF2F-1B4DC7E82908}
		{E891CB43-A26C-4BDB-9905-0794AF3CADB8} = {CDBED8AE-13AB-4321-BF2F-1B4DC7E82908}
	EndGlobalSection
EndGlobal
